
Microsoft Visual Studio Solution File, Format Version 12.00
# Visual Studio Version 16
VisualStudioVersion = 16.0.32126.315
MinimumVisualStudioVersion = 10.0.40219.1
Project("{FAE04EC0-301F-11D3-BF4B-00C04F79EFBC}") = "Half-interval", "Half-interval.csproj", "{8C196BA2-A6E3-41ED-8BB0-9ADD3BEE8404}"
EndProject
Global
	GlobalSection(SolutionConfigurationPlatforms) = preSolution
		Debug|Any CPU = Debug|Any CPU
		Release|Any CPU = Release|Any CPU
	EndGlobalSection
	GlobalSection(ProjectConfigurationPlatforms) = postSolution
		{8C196BA2-A6E3-41ED-8BB0-9ADD3BEE8404}.Debug|Any CPU.ActiveCfg = Debug|Any CPU
		{8C196BA2-A6E3-41ED-8BB0-9ADD3BEE8404}.Debug|Any CPU.Build.0 = Debug|Any CPU
		{8C196BA2-A6E3-41ED-8BB0-9ADD3BEE8404}.Release|Any CPU.ActiveCfg = Release|Any CPU
		{8C196BA2-A6E3-41ED-8BB0-9ADD3BEE8404}.Release|Any CPU.Build.0 = Release|Any CPU
	EndGlobalSection
	GlobalSection(SolutionProperties) = preSolution
		HideSolutionNode = FALSE
	EndGlobalSection
	GlobalSection(ExtensibilityGlobals) = postSolution
		SolutionGuid = {F0E9FE0D-6457-43D6-B971-81952B21F6A7}
	EndGlobalSection
EndGlobal
