
Microsoft Visual Studio Solution File, Format Version 12.00
# Visual Studio Version 17
VisualStudioVersion = 17.2.32210.308
MinimumVisualStudioVersion = 10.0.40219.1
Project("{9A19103F-16F7-4668-BE54-9A1E7A4F7556}") = "Half-interval", "..\WinFormsApp1\Half-interval.csproj", "{4EC87667-798D-445A-BEDA-BD225EDDED2C}"
EndProject
Global
	GlobalSection(SolutionConfigurationPlatforms) = preSolution
		Debug|Any CPU = Debug|Any CPU
		Release|Any CPU = Release|Any CPU
	EndGlobalSection
	GlobalSection(ProjectConfigurationPlatforms) = postSolution
		{4EC87667-798D-445A-BEDA-BD225EDDED2C}.Debug|Any CPU.ActiveCfg = Debug|Any CPU
		{4EC87667-798D-445A-BEDA-BD225EDDED2C}.Debug|Any CPU.Build.0 = Debug|Any CPU
		{4EC87667-798D-445A-BEDA-BD225EDDED2C}.Release|Any CPU.ActiveCfg = Release|Any CPU
		{4EC87667-798D-445A-BEDA-BD225EDDED2C}.Release|Any CPU.Build.0 = Release|Any CPU
	EndGlobalSection
	GlobalSection(SolutionProperties) = preSolution
		HideSolutionNode = FALSE
	EndGlobalSection
	GlobalSection(ExtensibilityGlobals) = postSolution
		SolutionGuid = {F0E9FE0D-6457-43D6-B971-81952B21F6A7}
	EndGlobalSection
EndGlobal
